// !$*UTF8*$!
{
	archiveVersion = 1;
	classes = {
	};
	objectVersion = 77;
	objects = {

/* Begin PBXBuildFile section */
		5B7B4DD52DB1CBDE00F42201 /* examples in CopyFiles */ = {isa = PBXBuildFile; fileRef = 5B7B4DD42DB1CBDE00F42201 /* examples */; };
		5BEBE5CE2DBF32A8009B2FFA /* Interpreter.cpp in Sources */ = {isa = PBXBuildFile; fileRef = 5BEBE5CD2DBF32A8009B2FFA /* Interpreter.cpp */; };
		5BEBE5E82DC36B2F009B2FFA /* tests in CopyFiles */ = {isa = PBXBuildFile; fileRef = 5BEBE5E72DC36B2F009B2FFA /* tests */; };
/* End PBXBuildFile section */

/* Begin PBXCopyFilesBuildPhase section */
		5B7B4CF92DB1C2E100F42201 /* CopyFiles */ = {
			isa = PBXCopyFilesBuildPhase;
			buildActionMask = 12;
			dstPath = "";
			dstSubfolderSpec = 16;
			files = (
				5BEBE5E82DC36B2F009B2FFA /* tests in CopyFiles */,
				5B7B4DD52DB1CBDE00F42201 /* examples in CopyFiles */,
			);
			runOnlyForDeploymentPostprocessing = 0;
		};
/* End PBXCopyFilesBuildPhase section */

/* Begin PBXFileReference section */
		5B7B4CFB2DB1C2E100F42201 /* tui */ = {isa = PBXFileReference; explicitFileType = "compiled.mach-o.executable"; includeInIndex = 0; path = tui; sourceTree = BUILT_PRODUCTS_DIR; };
		5B7B4DD42DB1CBDE00F42201 /* examples */ = {isa = PBXFileReference; lastKnownFileType = folder; name = examples; path = ../../../examples; sourceTree = "<group>"; };
		5BEBE5CC2DBF32A8009B2FFA /* Interpreter.h */ = {isa = PBXFileReference; lastKnownFileType = sourcecode.c.h; name = Interpreter.h; path = ../../Interpreter.h; sourceTree = SOURCE_ROOT; };
		5BEBE5CD2DBF32A8009B2FFA /* Interpreter.cpp */ = {isa = PBXFileReference; lastKnownFileType = sourcecode.cpp.cpp; name = Interpreter.cpp; path = ../../Interpreter.cpp; sourceTree = SOURCE_ROOT; };
		5BEBE5E72DC36B2F009B2FFA /* tests */ = {isa = PBXFileReference; lastKnownFileType = folder; name = tests; path = ../../../tests; sourceTree = "<group>"; };
/* End PBXFileReference section */

/* Begin PBXFileSystemSynchronizedRootGroup section */
		5B7B4CFD2DB1C2E100F42201 /* tui */ = {
			isa = PBXFileSystemSynchronizedRootGroup;
			path = tui;
			sourceTree = "<group>";
		};
		5BEBE5DE2DBF32CD009B2FFA /* source */ = {
			isa = PBXFileSystemSynchronizedRootGroup;
			name = source;
			path = ../../../source;
			sourceTree = SOURCE_ROOT;
		};
/* End PBXFileSystemSynchronizedRootGroup section */

/* Begin PBXFrameworksBuildPhase section */
		5B7B4CF82DB1C2E100F42201 /* Frameworks */ = {
			isa = PBXFrameworksBuildPhase;
			buildActionMask = 2147483647;
			files = (
			);
			runOnlyForDeploymentPostprocessing = 0;
		};
/* End PBXFrameworksBuildPhase section */

/* Begin PBXGroup section */
		5B7B4CF22DB1C2E100F42201 = {
			isa = PBXGroup;
			children = (
				5BEBE5E72DC36B2F009B2FFA /* tests */,
				5BEBE5DE2DBF32CD009B2FFA /* source */,
				5B7B4DD42DB1CBDE00F42201 /* examples */,
				5BEBE5CC2DBF32A8009B2FFA /* Interpreter.h */,
				5BEBE5CD2DBF32A8009B2FFA /* Interpreter.cpp */,
				5B7B4CFD2DB1C2E100F42201 /* tui */,
				5B7B4CFC2DB1C2E100F42201 /* Products */,
			);
			sourceTree = "<group>";
		};
		5B7B4CFC2DB1C2E100F42201 /* Products */ = {
			isa = PBXGroup;
			children = (
				5B7B4CFB2DB1C2E100F42201 /* tui */,
			);
			name = Products;
			sourceTree = "<group>";
		};
/* End PBXGroup section */

/* Begin PBXNativeTarget section */
		5B7B4CFA2DB1C2E100F42201 /* tui */ = {
			isa = PBXNativeTarget;
			buildConfigurationList = 5B7B4D022DB1C2E100F42201 /* Build configuration list for PBXNativeTarget "tui" */;
			buildPhases = (
				5B7B4CF72DB1C2E100F42201 /* Sources */,
				5B7B4CF82DB1C2E100F42201 /* Frameworks */,
				5B7B4CF92DB1C2E100F42201 /* CopyFiles */,
			);
			buildRules = (
			);
			dependencies = (
			);
			fileSystemSynchronizedGroups = (
				5B7B4CFD2DB1C2E100F42201 /* tui */,
				5BEBE5DE2DBF32CD009B2FFA /* source */,
			);
			name = tui;
			packageProductDependencies = (
			);
			productName = tui;
			productReference = 5B7B4CFB2DB1C2E100F42201 /* tui */;
			productType = "com.apple.product-type.tool";
		};
/* End PBXNativeTarget section */

/* Begin PBXProject section */
		5B7B4CF32DB1C2E100F42201 /* Project object */ = {
			isa = PBXProject;
			attributes = {
				BuildIndependentTargetsInParallel = 1;
				LastUpgradeCheck = 1630;
				TargetAttributes = {
					5B7B4CFA2DB1C2E100F42201 = {
						CreatedOnToolsVersion = 16.3;
					};
				};
			};
			buildConfigurationList = 5B7B4CF62DB1C2E100F42201 /* Build configuration list for PBXProject "tui" */;
			developmentRegion = en;
			hasScannedForEncodings = 0;
			knownRegions = (
				en,
				Base,
			);
			mainGroup = 5B7B4CF22DB1C2E100F42201;
			minimizedProjectReferenceProxies = 1;
			preferredProjectObjectVersion = 77;
			productRefGroup = 5B7B4CFC2DB1C2E100F42201 /* Products */;
			projectDirPath = "";
			projectRoot = "";
			targets = (
				5B7B4CFA2DB1C2E100F42201 /* tui */,
			);
		};
/* End PBXProject section */

/* Begin PBXSourcesBuildPhase section */
		5B7B4CF72DB1C2E100F42201 /* Sources */ = {
			isa = PBXSourcesBuildPhase;
			buildActionMask = 2147483647;
			files = (
				5BEBE5CE2DBF32A8009B2FFA /* Interpreter.cpp in Sources */,
			);
			runOnlyForDeploymentPostprocessing = 0;
		};
/* End PBXSourcesBuildPhase section */

/* Begin XCBuildConfiguration section */
		5B7B4D002DB1C2E100F42201 /* Debug */ = {
			isa = XCBuildConfiguration;
			buildSettings = {
				ALWAYS_SEARCH_USER_PATHS = NO;
				ASSETCATALOG_COMPILER_GENERATE_SWIFT_ASSET_SYMBOL_EXTENSIONS = YES;
				CLANG_ANALYZER_NONNULL = YES;
				CLANG_ANALYZER_NUMBER_OBJECT_CONVERSION = YES_AGGRESSIVE;
				CLANG_CXX_LANGUAGE_STANDARD = "gnu++20";
				CLANG_ENABLE_MODULES = YES;
				CLANG_ENABLE_OBJC_ARC = YES;
				CLANG_ENABLE_OBJC_WEAK = YES;
				CLANG_WARN_BLOCK_CAPTURE_AUTORELEASING = YES;
				CLANG_WARN_BOOL_CONVERSION = YES;
				CLANG_WARN_COMMA = YES;
				CLANG_WARN_CONSTANT_CONVERSION = YES;
				CLANG_WARN_DEPRECATED_OBJC_IMPLEMENTATIONS = YES;
				CLANG_WARN_DIRECT_OBJC_ISA_USAGE = YES_ERROR;
				CLANG_WARN_DOCUMENTATION_COMMENTS = YES;
				CLANG_WARN_EMPTY_BODY = YES;
				CLANG_WARN_ENUM_CONVERSION = YES;
				CLANG_WARN_INFINITE_RECURSION = YES;
				CLANG_WARN_INT_CONVERSION = YES;
				CLANG_WARN_NON_LITERAL_NULL_CONVERSION = YES;
				CLANG_WARN_OBJC_IMPLICIT_RETAIN_SELF = YES;
				CLANG_WARN_OBJC_LITERAL_CONVERSION = YES;
				CLANG_WARN_OBJC_ROOT_CLASS = YES_ERROR;
				CLANG_WARN_QUOTED_INCLUDE_IN_FRAMEWORK_HEADER = YES;
				CLANG_WARN_RANGE_LOOP_ANALYSIS = YES;
				CLANG_WARN_STRICT_PROTOTYPES = YES;
				CLANG_WARN_SUSPICIOUS_MOVE = YES;
				CLANG_WARN_UNGUARDED_AVAILABILITY = YES_AGGRESSIVE;
				CLANG_WARN_UNREACHABLE_CODE = YES;
				CLANG_WARN__DUPLICATE_METHOD_MATCH = YES;
				COPY_PHASE_STRIP = NO;
				DEBUG_INFORMATION_FORMAT = dwarf;
				DEVELOPMENT_TEAM = 9Q78V5BF2N;
				ENABLE_STRICT_OBJC_MSGSEND = YES;
				ENABLE_TESTABILITY = YES;
				ENABLE_USER_SCRIPT_SANDBOXING = YES;
				GCC_C_LANGUAGE_STANDARD = gnu17;
				GCC_DYNAMIC_NO_PIC = NO;
				GCC_NO_COMMON_BLOCKS = YES;
				GCC_OPTIMIZATION_LEVEL = 0;
				GCC_PREPROCESSOR_DEFINITIONS = (
					"DEBUG=1",
					"$(inherited)",
				);
				GCC_WARN_64_TO_32_BIT_CONVERSION = YES;
				GCC_WARN_ABOUT_RETURN_TYPE = YES_ERROR;
				GCC_WARN_UNDECLARED_SELECTOR = YES;
				GCC_WARN_UNINITIALIZED_AUTOS = YES_AGGRESSIVE;
				GCC_WARN_UNUSED_FUNCTION = YES;
				GCC_WARN_UNUSED_VARIABLE = YES;
				LOCALIZATION_PREFERS_STRING_CATALOGS = YES;
				MACOSX_DEPLOYMENT_TARGET = 15.3;
				MTL_ENABLE_DEBUG_INFO = INCLUDE_SOURCE;
				MTL_FAST_MATH = YES;
				ONLY_ACTIVE_ARCH = YES;
				SDKROOT = macosx;
			};
			name = Debug;
		};
		5B7B4D012DB1C2E100F42201 /* Release */ = {
			isa = XCBuildConfiguration;
			buildSettings = {
				ALWAYS_SEARCH_USER_PATHS = NO;
				ASSETCATALOG_COMPILER_GENERATE_SWIFT_ASSET_SYMBOL_EXTENSIONS = YES;
				CLANG_ANALYZER_NONNULL = YES;
				CLANG_ANALYZER_NUMBER_OBJECT_CONVERSION = YES_AGGRESSIVE;
				CLANG_CXX_LANGUAGE_STANDARD = "gnu++20";
				CLANG_ENABLE_MODULES = YES;
				CLANG_ENABLE_OBJC_ARC = YES;
				CLANG_ENABLE_OBJC_WEAK = YES;
				CLANG_WARN_BLOCK_CAPTURE_AUTORELEASING = YES;
				CLANG_WARN_BOOL_CONVERSION = YES;
				CLANG_WARN_COMMA = YES;
				CLANG_WARN_CONSTANT_CONVERSION = YES;
				CLANG_WARN_DEPRECATED_OBJC_IMPLEMENTATIONS = YES;
				CLANG_WARN_DIRECT_OBJC_ISA_USAGE = YES_ERROR;
				CLANG_WARN_DOCUMENTATION_COMMENTS = YES;
				CLANG_WARN_EMPTY_BODY = YES;
				CLANG_WARN_ENUM_CONVERSION = YES;
				CLANG_WARN_INFINITE_RECURSION = YES;
				CLANG_WARN_INT_CONVERSION = YES;
				CLANG_WARN_NON_LITERAL_NULL_CONVERSION = YES;
				CLANG_WARN_OBJC_IMPLICIT_RETAIN_SELF = YES;
				CLANG_WARN_OBJC_LITERAL_CONVERSION = YES;
				CLANG_WARN_OBJC_ROOT_CLASS = YES_ERROR;
				CLANG_WARN_QUOTED_INCLUDE_IN_FRAMEWORK_HEADER = YES;
				CLANG_WARN_RANGE_LOOP_ANALYSIS = YES;
				CLANG_WARN_STRICT_PROTOTYPES = YES;
				CLANG_WARN_SUSPICIOUS_MOVE = YES;
				CLANG_WARN_UNGUARDED_AVAILABILITY = YES_AGGRESSIVE;
				CLANG_WARN_UNREACHABLE_CODE = YES;
				CLANG_WARN__DUPLICATE_METHOD_MATCH = YES;
				COPY_PHASE_STRIP = NO;
				DEBUG_INFORMATION_FORMAT = "dwarf-with-dsym";
				DEVELOPMENT_TEAM = 9Q78V5BF2N;
				ENABLE_NS_ASSERTIONS = NO;
				ENABLE_STRICT_OBJC_MSGSEND = YES;
				ENABLE_USER_SCRIPT_SANDBOXING = YES;
				GCC_C_LANGUAGE_STANDARD = gnu17;
				GCC_NO_COMMON_BLOCKS = YES;
				GCC_WARN_64_TO_32_BIT_CONVERSION = YES;
				GCC_WARN_ABOUT_RETURN_TYPE = YES_ERROR;
				GCC_WARN_UNDECLARED_SELECTOR = YES;
				GCC_WARN_UNINITIALIZED_AUTOS = YES_AGGRESSIVE;
				GCC_WARN_UNUSED_FUNCTION = YES;
				GCC_WARN_UNUSED_VARIABLE = YES;
				LOCALIZATION_PREFERS_STRING_CATALOGS = YES;
				MACOSX_DEPLOYMENT_TARGET = 15.3;
				MTL_ENABLE_DEBUG_INFO = NO;
				MTL_FAST_MATH = YES;
				SDKROOT = macosx;
			};
			name = Release;
		};
		5B7B4D032DB1C2E100F42201 /* Debug */ = {
			isa = XCBuildConfiguration;
			buildSettings = {
				CODE_SIGN_STYLE = Automatic;
				DEVELOPMENT_TEAM = "";
				ENABLE_HARDENED_RUNTIME = YES;
				GCC_OPTIMIZATION_LEVEL = 0;
				PRODUCT_NAME = "$(TARGET_NAME)";
				USER_HEADER_SEARCH_PATHS = "\"$(SRCROOT)/../../../thirdParty/glm/glm\"";
			};
			name = Debug;
		};
		5B7B4D042DB1C2E100F42201 /* Release */ = {
			isa = XCBuildConfiguration;
			buildSettings = {
				CODE_SIGN_STYLE = Automatic;
				DEVELOPMENT_TEAM = "";
				ENABLE_HARDENED_RUNTIME = YES;
				GCC_OPTIMIZATION_LEVEL = 0;
				PRODUCT_NAME = "$(TARGET_NAME)";
				USER_HEADER_SEARCH_PATHS = "\"$(SRCROOT)/../../../thirdParty/glm/glm\"";
			};
			name = Release;
		};
/* End XCBuildConfiguration section */

/* Begin XCConfigurationList section */
		5B7B4CF62DB1C2E100F42201 /* Build configuration list for PBXProject "tui" */ = {
			isa = XCConfigurationList;
			buildConfigurations = (
				5B7B4D002DB1C2E100F42201 /* Debug */,
				5B7B4D012DB1C2E100F42201 /* Release */,
			);
			defaultConfigurationIsVisible = 0;
			defaultConfigurationName = Release;
		};
		5B7B4D022DB1C2E100F42201 /* Build configuration list for PBXNativeTarget "tui" */ = {
			isa = XCConfigurationList;
			buildConfigurations = (
				5B7B4D032DB1C2E100F42201 /* Debug */,
				5B7B4D042DB1C2E100F42201 /* Release */,
			);
			defaultConfigurationIsVisible = 0;
			defaultConfigurationName = Release;
		};
/* End XCConfigurationList section */
	};
	rootObject = 5B7B4CF32DB1C2E100F42201 /* Project object */;
}
